
Microsoft Visual Studio Solution File, Format Version 12.00
# Visual Studio Version 17
VisualStudioVersion = 17.12.35527.113 d17.12
MinimumVisualStudioVersion = 10.0.40219.1
Project("{FAE04EC0-301F-11D3-BF4B-00C04F79EFBC}") = "aspnet-login-usuario", "aspnet-login-usuario\aspnet-login-usuario.csproj", "{168727E0-B0A5-4514-8B2B-29913FFDF708}"
EndProject
Global
	GlobalSection(SolutionConfigurationPlatforms) = preSolution
		Debug|Any CPU = Debug|Any CPU
		Release|Any CPU = Release|Any CPU
	EndGlobalSection
	GlobalSection(ProjectConfigurationPlatforms) = postSolution
		{168727E0-B0A5-4514-8B2B-29913FFDF708}.Debug|Any CPU.ActiveCfg = Debug|Any CPU
		{168727E0-B0A5-4514-8B2B-29913FFDF708}.Debug|Any CPU.Build.0 = Debug|Any CPU
		{168727E0-B0A5-4514-8B2B-29913FFDF708}.Release|Any CPU.ActiveCfg = Release|Any CPU
		{168727E0-B0A5-4514-8B2B-29913FFDF708}.Release|Any CPU.Build.0 = Release|Any CPU
	EndGlobalSection
	GlobalSection(SolutionProperties) = preSolution
		HideSolutionNode = FALSE
	EndGlobalSection
EndGlobal
